
Microsoft Visual Studio Solution File, Format Version 12.00
# Visual Studio 2013
VisualStudioVersion = 12.0.21005.1
MinimumVisualStudioVersion = 10.0.40219.1
Project("{FAE04EC0-301F-11D3-BF4B-00C04F79EFBC}") = "VirtualTrain", "VirtualTrain\VirtualTrain.csproj", "{D5B66917-2210-4C04-950F-0EB2ADE7A3BB}"
EndProject
Project("{FAE04EC0-301F-11D3-BF4B-00C04F79EFBC}") = "Game_Server", "Game_Server\Game_Server.csproj", "{B5CD4E78-7676-43E7-BCC9-FF16891A8093}"
EndProject
Project("{FAE04EC0-301F-11D3-BF4B-00C04F79EFBC}") = "Common", "Common\Common.csproj", "{B8D01161-3ED4-424A-883F-B805DB54C3A3}"
EndProject
Global
	GlobalSection(SolutionConfigurationPlatforms) = preSolution
		Debug|Any CPU = Debug|Any CPU
		Debug|Mixed Platforms = Debug|Mixed Platforms
		Debug|x86 = Debug|x86
		Release|Any CPU = Release|Any CPU
		Release|Mixed Platforms = Release|Mixed Platforms
		Release|x86 = Release|x86
	EndGlobalSection
	GlobalSection(ProjectConfigurationPlatforms) = postSolution
		{D5B66917-2210-4C04-950F-0EB2ADE7A3BB}.Debug|Any CPU.ActiveCfg = Debug|x86
		{D5B66917-2210-4C04-950F-0EB2ADE7A3BB}.Debug|Mixed Platforms.ActiveCfg = Debug|x86
		{D5B66917-2210-4C04-950F-0EB2ADE7A3BB}.Debug|Mixed Platforms.Build.0 = Debug|x86
		{D5B66917-2210-4C04-950F-0EB2ADE7A3BB}.Debug|x86.ActiveCfg = Debug|x86
		{D5B66917-2210-4C04-950F-0EB2ADE7A3BB}.Debug|x86.Build.0 = Debug|x86
		{D5B66917-2210-4C04-950F-0EB2ADE7A3BB}.Release|Any CPU.ActiveCfg = Release|x86
		{D5B66917-2210-4C04-950F-0EB2ADE7A3BB}.Release|Mixed Platforms.ActiveCfg = Release|x86
		{D5B66917-2210-4C04-950F-0EB2ADE7A3BB}.Release|Mixed Platforms.Build.0 = Release|x86
		{D5B66917-2210-4C04-950F-0EB2ADE7A3BB}.Release|x86.ActiveCfg = Release|x86
		{D5B66917-2210-4C04-950F-0EB2ADE7A3BB}.Release|x86.Build.0 = Release|x86
		{B5CD4E78-7676-43E7-BCC9-FF16891A8093}.Debug|Any CPU.ActiveCfg = Debug|Any CPU
		{B5CD4E78-7676-43E7-BCC9-FF16891A8093}.Debug|Any CPU.Build.0 = Debug|Any CPU
		{B5CD4E78-7676-43E7-BCC9-FF16891A8093}.Debug|Mixed Platforms.ActiveCfg = Debug|Any CPU
		{B5CD4E78-7676-43E7-BCC9-FF16891A8093}.Debug|Mixed Platforms.Build.0 = Debug|Any CPU
		{B5CD4E78-7676-43E7-BCC9-FF16891A8093}.Debug|x86.ActiveCfg = Debug|Any CPU
		{B5CD4E78-7676-43E7-BCC9-FF16891A8093}.Release|Any CPU.ActiveCfg = Release|Any CPU
		{B5CD4E78-7676-43E7-BCC9-FF16891A8093}.Release|Any CPU.Build.0 = Release|Any CPU
		{B5CD4E78-7676-43E7-BCC9-FF16891A8093}.Release|Mixed Platforms.ActiveCfg = Release|Any CPU
		{B5CD4E78-7676-43E7-BCC9-FF16891A8093}.Release|Mixed Platforms.Build.0 = Release|Any CPU
		{B5CD4E78-7676-43E7-BCC9-FF16891A8093}.Release|x86.ActiveCfg = Release|Any CPU
		{B8D01161-3ED4-424A-883F-B805DB54C3A3}.Debug|Any CPU.ActiveCfg = Debug|Any CPU
		{B8D01161-3ED4-424A-883F-B805DB54C3A3}.Debug|Any CPU.Build.0 = Debug|Any CPU
		{B8D01161-3ED4-424A-883F-B805DB54C3A3}.Debug|Mixed Platforms.ActiveCfg = Debug|Any CPU
		{B8D01161-3ED4-424A-883F-B805DB54C3A3}.Debug|Mixed Platforms.Build.0 = Debug|Any CPU
		{B8D01161-3ED4-424A-883F-B805DB54C3A3}.Debug|x86.ActiveCfg = Debug|Any CPU
		{B8D01161-3ED4-424A-883F-B805DB54C3A3}.Release|Any CPU.ActiveCfg = Release|Any CPU
		{B8D01161-3ED4-424A-883F-B805DB54C3A3}.Release|Any CPU.Build.0 = Release|Any CPU
		{B8D01161-3ED4-424A-883F-B805DB54C3A3}.Release|Mixed Platforms.ActiveCfg = Release|Any CPU
		{B8D01161-3ED4-424A-883F-B805DB54C3A3}.Release|Mixed Platforms.Build.0 = Release|Any CPU
		{B8D01161-3ED4-424A-883F-B805DB54C3A3}.Release|x86.ActiveCfg = Release|Any CPU
	EndGlobalSection
	GlobalSection(SolutionProperties) = preSolution
		HideSolutionNode = FALSE
	EndGlobalSection
EndGlobal
